// !$*UTF8*$!
{
	archiveVersion = 1;
	classes = {
	};
	objectVersion = 48;
	objects = {

/* Begin PBXBuildFile section */
		0418B18E21672B420078E6B6 /* AppDelegate.swift in Sources */ = {isa = PBXBuildFile; fileRef = 0418B18D21672B420078E6B6 /* AppDelegate.swift */; };
		0418B19021672B420078E6B6 /* ViewController.swift in Sources */ = {isa = PBXBuildFile; fileRef = 0418B18F21672B420078E6B6 /* ViewController.swift */; };
		0418B19321672B420078E6B6 /* Main.storyboard in Resources */ = {isa = PBXBuildFile; fileRef = 0418B19121672B420078E6B6 /* Main.storyboard */; };
		0418B19521672B420078E6B6 /* Assets.xcassets in Resources */ = {isa = PBXBuildFile; fileRef = 0418B19421672B420078E6B6 /* Assets.xcassets */; };
		0418B19821672B430078E6B6 /* LaunchScreen.storyboard in Resources */ = {isa = PBXBuildFile; fileRef = 0418B19621672B430078E6B6 /* LaunchScreen.storyboard */; };
		0418B1A321672B430078E6B6 /* CalenderTests.swift in Sources */ = {isa = PBXBuildFile; fileRef = 0418B1A221672B430078E6B6 /* CalenderTests.swift */; };
		0418B1AE21672B430078E6B6 /* CalenderUITests.swift in Sources */ = {isa = PBXBuildFile; fileRef = 0418B1AD21672B430078E6B6 /* CalenderUITests.swift */; };
/* End PBXBuildFile section */

/* Begin PBXContainerItemProxy section */
		0418B19F21672B430078E6B6 /* PBXContainerItemProxy */ = {
			isa = PBXContainerItemProxy;
			containerPortal = 0418B18221672B420078E6B6 /* Project object */;
			proxyType = 1;
			remoteGlobalIDString = 0418B18921672B420078E6B6;
			remoteInfo = Calender;
		};
		0418B1AA21672B430078E6B6 /* PBXContainerItemProxy */ = {
			isa = PBXContainerItemProxy;
			containerPortal = 0418B18221672B420078E6B6 /* Project object */;
			proxyType = 1;
			remoteGlobalIDString = 0418B18921672B420078E6B6;
			remoteInfo = Calender;
		};
/* End PBXContainerItemProxy section */

/* Begin PBXFileReference section */
		0418B18A21672B420078E6B6 /* Calender.app */ = {isa = PBXFileReference; explicitFileType = wrapper.application; includeInIndex = 0; path = Calender.app; sourceTree = BUILT_PRODUCTS_DIR; };
		0418B18D21672B420078E6B6 /* AppDelegate.swift */ = {isa = PBXFileReference; lastKnownFileType = sourcecode.swift; path = AppDelegate.swift; sourceTree = "<group>"; };
		0418B18F21672B420078E6B6 /* ViewController.swift */ = {isa = PBXFileReference; lastKnownFileType = sourcecode.swift; path = ViewController.swift; sourceTree = "<group>"; };
		0418B19221672B420078E6B6 /* Base */ = {isa = PBXFileReference; lastKnownFileType = file.storyboard; name = Base; path = Base.lproj/Main.storyboard; sourceTree = "<group>"; };
		0418B19421672B420078E6B6 /* Assets.xcassets */ = {isa = PBXFileReference; lastKnownFileType = folder.assetcatalog; path = Assets.xcassets; sourceTree = "<group>"; };
		0418B19721672B430078E6B6 /* Base */ = {isa = PBXFileReference; lastKnownFileType = file.storyboard; name = Base; path = Base.lproj/LaunchScreen.storyboard; sourceTree = "<group>"; };
		0418B19921672B430078E6B6 /* Info.plist */ = {isa = PBXFileReference; lastKnownFileType = text.plist.xml; path = Info.plist; sourceTree = "<group>"; };
		0418B19E21672B430078E6B6 /* CalenderTests.xctest */ = {isa = PBXFileReference; explicitFileType = wrapper.cfbundle; includeInIndex = 0; path = CalenderTests.xctest; sourceTree = BUILT_PRODUCTS_DIR; };
		0418B1A221672B430078E6B6 /* CalenderTests.swift */ = {isa = PBXFileReference; lastKnownFileType = sourcecode.swift; path = CalenderTests.swift; sourceTree = "<group>"; };
		0418B1A421672B430078E6B6 /* Info.plist */ = {isa = PBXFileReference; lastKnownFileType = text.plist.xml; path = Info.plist; sourceTree = "<group>"; };
		0418B1A921672B430078E6B6 /* CalenderUITests.xctest */ = {isa = PBXFileReference; explicitFileType = wrapper.cfbundle; includeInIndex = 0; path = CalenderUITests.xctest; sourceTree = BUILT_PRODUCTS_DIR; };
		0418B1AD21672B430078E6B6 /* CalenderUITests.swift */ = {isa = PBXFileReference; lastKnownFileType = sourcecode.swift; path = CalenderUITests.swift; sourceTree = "<group>"; };
		0418B1AF21672B430078E6B6 /* Info.plist */ = {isa = PBXFileReference; lastKnownFileType = text.plist.xml; path = Info.plist; sourceTree = "<group>"; };
/* End PBXFileReference section */

/* Begin PBXFrameworksBuildPhase section */
		0418B18721672B420078E6B6 /* Frameworks */ = {
			isa = PBXFrameworksBuildPhase;
			buildActionMask = 2147483647;
			files = (
			);
			runOnlyForDeploymentPostprocessing = 0;
		};
		0418B19B21672B430078E6B6 /* Frameworks */ = {
			isa = PBXFrameworksBuildPhase;
			buildActionMask = 2147483647;
			files = (
			);
			runOnlyForDeploymentPostprocessing = 0;
		};
		0418B1A621672B430078E6B6 /* Frameworks */ = {
			isa = PBXFrameworksBuildPhase;
			buildActionMask = 2147483647;
			files = (
			);
			runOnlyForDeploymentPostprocessing = 0;
		};
/* End PBXFrameworksBuildPhase section */

/* Begin PBXGroup section */
		0418B18121672B420078E6B6 = {
			isa = PBXGroup;
			children = (
				0418B18C21672B420078E6B6 /* Calender */,
				0418B1A121672B430078E6B6 /* CalenderTests */,
				0418B1AC21672B430078E6B6 /* CalenderUITests */,
				0418B18B21672B420078E6B6 /* Products */,
			);
			sourceTree = "<group>";
		};
		0418B18B21672B420078E6B6 /* Products */ = {
			isa = PBXGroup;
			children = (
				0418B18A21672B420078E6B6 /* Calender.app */,
				0418B19E21672B430078E6B6 /* CalenderTests.xctest */,
				0418B1A921672B430078E6B6 /* CalenderUITests.xctest */,
			);
			name = Products;
			sourceTree = "<group>";
		};
		0418B18C21672B420078E6B6 /* Calender */ = {
			isa = PBXGroup;
			children = (
				0418B18D21672B420078E6B6 /* AppDelegate.swift */,
				0418B18F21672B420078E6B6 /* ViewController.swift */,
				0418B19121672B420078E6B6 /* Main.storyboard */,
				0418B19421672B420078E6B6 /* Assets.xcassets */,
				0418B19621672B430078E6B6 /* LaunchScreen.storyboard */,
				0418B19921672B430078E6B6 /* Info.plist */,
			);
			path = Calender;
			sourceTree = "<group>";
		};
		0418B1A121672B430078E6B6 /* CalenderTests */ = {
			isa = PBXGroup;
			children = (
				0418B1A221672B430078E6B6 /* CalenderTests.swift */,
				0418B1A421672B430078E6B6 /* Info.plist */,
			);
			path = CalenderTests;
			sourceTree = "<group>";
		};
		0418B1AC21672B430078E6B6 /* CalenderUITests */ = {
			isa = PBXGroup;
			children = (
				0418B1AD21672B430078E6B6 /* CalenderUITests.swift */,
				0418B1AF21672B430078E6B6 /* Info.plist */,
			);
			path = CalenderUITests;
			sourceTree = "<group>";
		};
/* End PBXGroup section */

/* Begin PBXNativeTarget section */
		0418B18921672B420078E6B6 /* Calender */ = {
			isa = PBXNativeTarget;
			buildConfigurationList = 0418B1B221672B430078E6B6 /* Build configuration list for PBXNativeTarget "Calender" */;
			buildPhases = (
				0418B18621672B420078E6B6 /* Sources */,
				0418B18721672B420078E6B6 /* Frameworks */,
				0418B18821672B420078E6B6 /* Resources */,
			);
			buildRules = (
			);
			dependencies = (
			);
			name = Calender;
			productName = Calender;
			productReference = 0418B18A21672B420078E6B6 /* Calender.app */;
			productType = "com.apple.product-type.application";
		};
		0418B19D21672B430078E6B6 /* CalenderTests */ = {
			isa = PBXNativeTarget;
			buildConfigurationList = 0418B1B521672B430078E6B6 /* Build configuration list for PBXNativeTarget "CalenderTests" */;
			buildPhases = (
				0418B19A21672B430078E6B6 /* Sources */,
				0418B19B21672B430078E6B6 /* Frameworks */,
				0418B19C21672B430078E6B6 /* Resources */,
			);
			buildRules = (
			);
			dependencies = (
				0418B1A021672B430078E6B6 /* PBXTargetDependency */,
			);
			name = CalenderTests;
			productName = CalenderTests;
			productReference = 0418B19E21672B430078E6B6 /* CalenderTests.xctest */;
			productType = "com.apple.product-type.bundle.unit-test";
		};
		0418B1A821672B430078E6B6 /* CalenderUITests */ = {
			isa = PBXNativeTarget;
			buildConfigurationList = 0418B1B821672B430078E6B6 /* Build configuration list for PBXNativeTarget "CalenderUITests" */;
			buildPhases = (
				0418B1A521672B430078E6B6 /* Sources */,
				0418B1A621672B430078E6B6 /* Frameworks */,
				0418B1A721672B430078E6B6 /* Resources */,
			);
			buildRules = (
			);
			dependencies = (
				0418B1AB21672B430078E6B6 /* PBXTargetDependency */,
			);
			name = CalenderUITests;
			productName = CalenderUITests;
			productReference = 0418B1A921672B430078E6B6 /* CalenderUITests.xctest */;
			productType = "com.apple.product-type.bundle.ui-testing";
		};
/* End PBXNativeTarget section */

/* Begin PBXProject section */
		0418B18221672B420078E6B6 /* Project object */ = {
			isa = PBXProject;
			attributes = {
				LastSwiftUpdateCheck = 0920;
				LastUpgradeCheck = 0920;
				ORGANIZATIONNAME = "根本翔";
				TargetAttributes = {
					0418B18921672B420078E6B6 = {
						CreatedOnToolsVersion = 9.2;
						ProvisioningStyle = Automatic;
					};
					0418B19D21672B430078E6B6 = {
						CreatedOnToolsVersion = 9.2;
						ProvisioningStyle = Automatic;
						TestTargetID = 0418B18921672B420078E6B6;
					};
					0418B1A821672B430078E6B6 = {
						CreatedOnToolsVersion = 9.2;
						ProvisioningStyle = Automatic;
						TestTargetID = 0418B18921672B420078E6B6;
					};
				};
			};
			buildConfigurationList = 0418B18521672B420078E6B6 /* Build configuration list for PBXProject "Calender" */;
			compatibilityVersion = "Xcode 8.0";
			developmentRegion = en;
			hasScannedForEncodings = 0;
			knownRegions = (
				en,
				Base,
			);
			mainGroup = 0418B18121672B420078E6B6;
			productRefGroup = 0418B18B21672B420078E6B6 /* Products */;
			projectDirPath = "";
			projectRoot = "";
			targets = (
				0418B18921672B420078E6B6 /* Calender */,
				0418B19D21672B430078E6B6 /* CalenderTests */,
				0418B1A821672B430078E6B6 /* CalenderUITests */,
			);
		};
/* End PBXProject section */

/* Begin PBXResourcesBuildPhase section */
		0418B18821672B420078E6B6 /* Resources */ = {
			isa = PBXResourcesBuildPhase;
			buildActionMask = 2147483647;
			files = (
				0418B19821672B430078E6B6 /* LaunchScreen.storyboard in Resources */,
				0418B19521672B420078E6B6 /* Assets.xcassets in Resources */,
				0418B19321672B420078E6B6 /* Main.storyboard in Resources */,
			);
			runOnlyForDeploymentPostprocessing = 0;
		};
		0418B19C21672B430078E6B6 /* Resources */ = {
			isa = PBXResourcesBuildPhase;
			buildActionMask = 2147483647;
			files = (
			);
			runOnlyForDeploymentPostprocessing = 0;
		};
		0418B1A721672B430078E6B6 /* Resources */ = {
			isa = PBXResourcesBuildPhase;
			buildActionMask = 2147483647;
			files = (
			);
			runOnlyForDeploymentPostprocessing = 0;
		};
/* End PBXResourcesBuildPhase section */

/* Begin PBXSourcesBuildPhase section */
		0418B18621672B420078E6B6 /* Sources */ = {
			isa = PBXSourcesBuildPhase;
			buildActionMask = 2147483647;
			files = (
				0418B19021672B420078E6B6 /* ViewController.swift in Sources */,
				0418B18E21672B420078E6B6 /* AppDelegate.swift in Sources */,
			);
			runOnlyForDeploymentPostprocessing = 0;
		};
		0418B19A21672B430078E6B6 /* Sources */ = {
			isa = PBXSourcesBuildPhase;
			buildActionMask = 2147483647;
			files = (
				0418B1A321672B430078E6B6 /* CalenderTests.swift in Sources */,
			);
			runOnlyForDeploymentPostprocessing = 0;
		};
		0418B1A521672B430078E6B6 /* Sources */ = {
			isa = PBXSourcesBuildPhase;
			buildActionMask = 2147483647;
			files = (
				0418B1AE21672B430078E6B6 /* CalenderUITests.swift in Sources */,
			);
			runOnlyForDeploymentPostprocessing = 0;
		};
/* End PBXSourcesBuildPhase section */

/* Begin PBXTargetDependency section */
		0418B1A021672B430078E6B6 /* PBXTargetDependency */ = {
			isa = PBXTargetDependency;
			target = 0418B18921672B420078E6B6 /* Calender */;
			targetProxy = 0418B19F21672B430078E6B6 /* PBXContainerItemProxy */;
		};
		0418B1AB21672B430078E6B6 /* PBXTargetDependency */ = {
			isa = PBXTargetDependency;
			target = 0418B18921672B420078E6B6 /* Calender */;
			targetProxy = 0418B1AA21672B430078E6B6 /* PBXContainerItemProxy */;
		};
/* End PBXTargetDependency section */

/* Begin PBXVariantGroup section */
		0418B19121672B420078E6B6 /* Main.storyboard */ = {
			isa = PBXVariantGroup;
			children = (
				0418B19221672B420078E6B6 /* Base */,
			);
			name = Main.storyboard;
			sourceTree = "<group>";
		};
		0418B19621672B430078E6B6 /* LaunchScreen.storyboard */ = {
			isa = PBXVariantGroup;
			children = (
				0418B19721672B430078E6B6 /* Base */,
			);
			name = LaunchScreen.storyboard;
			sourceTree = "<group>";
		};
/* End PBXVariantGroup section */

/* Begin XCBuildConfiguration section */
		0418B1B021672B430078E6B6 /* Debug */ = {
			isa = XCBuildConfiguration;
			buildSettings = {
				ALWAYS_SEARCH_USER_PATHS = NO;
				CLANG_ANALYZER_NONNULL = YES;
				CLANG_ANALYZER_NUMBER_OBJECT_CONVERSION = YES_AGGRESSIVE;
				CLANG_CXX_LANGUAGE_STANDARD = "gnu++14";
				CLANG_CXX_LIBRARY = "libc++";
				CLANG_ENABLE_MODULES = YES;
				CLANG_ENABLE_OBJC_ARC = YES;
				CLANG_WARN_BLOCK_CAPTURE_AUTORELEASING = YES;
				CLANG_WARN_BOOL_CONVERSION = YES;
				CLANG_WARN_COMMA = YES;
				CLANG_WARN_CONSTANT_CONVERSION = YES;
				CLANG_WARN_DIRECT_OBJC_ISA_USAGE = YES_ERROR;
				CLANG_WARN_DOCUMENTATION_COMMENTS = YES;
				CLANG_WARN_EMPTY_BODY = YES;
				CLANG_WARN_ENUM_CONVERSION = YES;
				CLANG_WARN_INFINITE_RECURSION = YES;
				CLANG_WARN_INT_CONVERSION = YES;
				CLANG_WARN_NON_LITERAL_NULL_CONVERSION = YES;
				CLANG_WARN_OBJC_LITERAL_CONVERSION = YES;
				CLANG_WARN_OBJC_ROOT_CLASS = YES_ERROR;
				CLANG_WARN_RANGE_LOOP_ANALYSIS = YES;
				CLANG_WARN_STRICT_PROTOTYPES = YES;
				CLANG_WARN_SUSPICIOUS_MOVE = YES;
				CLANG_WARN_UNGUARDED_AVAILABILITY = YES_AGGRESSIVE;
				CLANG_WARN_UNREACHABLE_CODE = YES;
				CLANG_WARN__DUPLICATE_METHOD_MATCH = YES;
				CODE_SIGN_IDENTITY = "iPhone Developer";
				COPY_PHASE_STRIP = NO;
				DEBUG_INFORMATION_FORMAT = dwarf;
				ENABLE_STRICT_OBJC_MSGSEND = YES;
				ENABLE_TESTABILITY = YES;
				GCC_C_LANGUAGE_STANDARD = gnu11;
				GCC_DYNAMIC_NO_PIC = NO;
				GCC_NO_COMMON_BLOCKS = YES;
				GCC_OPTIMIZATION_LEVEL = 0;
				GCC_PREPROCESSOR_DEFINITIONS = (
					"DEBUG=1",
					"$(inherited)",
				);
				GCC_WARN_64_TO_32_BIT_CONVERSION = YES;
				GCC_WARN_ABOUT_RETURN_TYPE = YES_ERROR;
				GCC_WARN_UNDECLARED_SELECTOR = YES;
				GCC_WARN_UNINITIALIZED_AUTOS = YES_AGGRESSIVE;
				GCC_WARN_UNUSED_FUNCTION = YES;
				GCC_WARN_UNUSED_VARIABLE = YES;
				IPHONEOS_DEPLOYMENT_TARGET = 11.2;
				MTL_ENABLE_DEBUG_INFO = YES;
				ONLY_ACTIVE_ARCH = YES;
				SDKROOT = iphoneos;
				SWIFT_ACTIVE_COMPILATION_CONDITIONS = DEBUG;
				SWIFT_OPTIMIZATION_LEVEL = "-Onone";
			};
			name = Debug;
		};
		0418B1B121672B430078E6B6 /* Release */ = {
			isa = XCBuildConfiguration;
			buildSettings = {
				ALWAYS_SEARCH_USER_PATHS = NO;
				CLANG_ANALYZER_NONNULL = YES;
				CLANG_ANALYZER_NUMBER_OBJECT_CONVERSION = YES_AGGRESSIVE;
				CLANG_CXX_LANGUAGE_STANDARD = "gnu++14";
				CLANG_CXX_LIBRARY = "libc++";
				CLANG_ENABLE_MODULES = YES;
				CLANG_ENABLE_OBJC_ARC = YES;
				CLANG_WARN_BLOCK_CAPTURE_AUTORELEASING = YES;
				CLANG_WARN_BOOL_CONVERSION = YES;
				CLANG_WARN_COMMA = YES;
				CLANG_WARN_CONSTANT_CONVERSION = YES;
				CLANG_WARN_DIRECT_OBJC_ISA_USAGE = YES_ERROR;
				CLANG_WARN_DOCUMENTATION_COMMENTS = YES;
				CLANG_WARN_EMPTY_BODY = YES;
				CLANG_WARN_ENUM_CONVERSION = YES;
				CLANG_WARN_INFINITE_RECURSION = YES;
				CLANG_WARN_INT_CONVERSION = YES;
				CLANG_WARN_NON_LITERAL_NULL_CONVERSION = YES;
				CLANG_WARN_OBJC_LITERAL_CONVERSION = YES;
				CLANG_WARN_OBJC_ROOT_CLASS = YES_ERROR;
				CLANG_WARN_RANGE_LOOP_ANALYSIS = YES;
				CLANG_WARN_STRICT_PROTOTYPES = YES;
				CLANG_WARN_SUSPICIOUS_MOVE = YES;
				CLANG_WARN_UNGUARDED_AVAILABILITY = YES_AGGRESSIVE;
				CLANG_WARN_UNREACHABLE_CODE = YES;
				CLANG_WARN__DUPLICATE_METHOD_MATCH = YES;
				CODE_SIGN_IDENTITY = "iPhone Developer";
				COPY_PHASE_STRIP = NO;
				DEBUG_INFORMATION_FORMAT = "dwarf-with-dsym";
				ENABLE_NS_ASSERTIONS = NO;
				ENABLE_STRICT_OBJC_MSGSEND = YES;
				GCC_C_LANGUAGE_STANDARD = gnu11;
				GCC_NO_COMMON_BLOCKS = YES;
				GCC_WARN_64_TO_32_BIT_CONVERSION = YES;
				GCC_WARN_ABOUT_RETURN_TYPE = YES_ERROR;
				GCC_WARN_UNDECLARED_SELECTOR = YES;
				GCC_WARN_UNINITIALIZED_AUTOS = YES_AGGRESSIVE;
				GCC_WARN_UNUSED_FUNCTION = YES;
				GCC_WARN_UNUSED_VARIABLE = YES;
				IPHONEOS_DEPLOYMENT_TARGET = 11.2;
				MTL_ENABLE_DEBUG_INFO = NO;
				SDKROOT = iphoneos;
				SWIFT_OPTIMIZATION_LEVEL = "-Owholemodule";
				VALIDATE_PRODUCT = YES;
			};
			name = Release;
		};
		0418B1B321672B430078E6B6 /* Debug */ = {
			isa = XCBuildConfiguration;
			buildSettings = {
				ASSETCATALOG_COMPILER_APPICON_NAME = AppIcon;
				CODE_SIGN_STYLE = Automatic;
				INFOPLIST_FILE = Calender/Info.plist;
				LD_RUNPATH_SEARCH_PATHS = "$(inherited) @executable_path/Frameworks";
				PRODUCT_BUNDLE_IDENTIFIER = "Life-is-tech.Calender";
				PRODUCT_NAME = "$(TARGET_NAME)";
				SWIFT_VERSION = 4.0;
				TARGETED_DEVICE_FAMILY = "1,2";
			};
			name = Debug;
		};
		0418B1B421672B430078E6B6 /* Release */ = {
			isa = XCBuildConfiguration;
			buildSettings = {
				ASSETCATALOG_COMPILER_APPICON_NAME = AppIcon;
				CODE_SIGN_STYLE = Automatic;
				INFOPLIST_FILE = Calender/Info.plist;
				LD_RUNPATH_SEARCH_PATHS = "$(inherited) @executable_path/Frameworks";
				PRODUCT_BUNDLE_IDENTIFIER = "Life-is-tech.Calender";
				PRODUCT_NAME = "$(TARGET_NAME)";
				SWIFT_VERSION = 4.0;
				TARGETED_DEVICE_FAMILY = "1,2";
			};
			name = Release;
		};
		0418B1B621672B430078E6B6 /* Debug */ = {
			isa = XCBuildConfiguration;
			buildSettings = {
				ALWAYS_EMBED_SWIFT_STANDARD_LIBRARIES = YES;
				BUNDLE_LOADER = "$(TEST_HOST)";
				CODE_SIGN_STYLE = Automatic;
				INFOPLIST_FILE = CalenderTests/Info.plist;
				LD_RUNPATH_SEARCH_PATHS = "$(inherited) @executable_path/Frameworks @loader_path/Frameworks";
				PRODUCT_BUNDLE_IDENTIFIER = "Life-is-tech.CalenderTests";
				PRODUCT_NAME = "$(TARGET_NAME)";
				SWIFT_VERSION = 4.0;
				TARGETED_DEVICE_FAMILY = "1,2";
				TEST_HOST = "$(BUILT_PRODUCTS_DIR)/Calender.app/Calender";
			};
			name = Debug;
		};
		0418B1B721672B430078E6B6 /* Release */ = {
			isa = XCBuildConfiguration;
			buildSettings = {
				ALWAYS_EMBED_SWIFT_STANDARD_LIBRARIES = YES;
				BUNDLE_LOADER = "$(TEST_HOST)";
				CODE_SIGN_STYLE = Automatic;
				INFOPLIST_FILE = CalenderTests/Info.plist;
				LD_RUNPATH_SEARCH_PATHS = "$(inherited) @executable_path/Frameworks @loader_path/Frameworks";
				PRODUCT_BUNDLE_IDENTIFIER = "Life-is-tech.CalenderTests";
				PRODUCT_NAME = "$(TARGET_NAME)";
				SWIFT_VERSION = 4.0;
				TARGETED_DEVICE_FAMILY = "1,2";
				TEST_HOST = "$(BUILT_PRODUCTS_DIR)/Calender.app/Calender";
			};
			name = Release;
		};
		0418B1B921672B430078E6B6 /* Debug */ = {
			isa = XCBuildConfiguration;
			buildSettings = {
				ALWAYS_EMBED_SWIFT_STANDARD_LIBRARIES = YES;
				CODE_SIGN_STYLE = Automatic;
				INFOPLIST_FILE = CalenderUITests/Info.plist;
				LD_RUNPATH_SEARCH_PATHS = "$(inherited) @executable_path/Frameworks @loader_path/Frameworks";
				PRODUCT_BUNDLE_IDENTIFIER = "Life-is-tech.CalenderUITests";
				PRODUCT_NAME = "$(TARGET_NAME)";
				SWIFT_VERSION = 4.0;
				TARGETED_DEVICE_FAMILY = "1,2";
				TEST_TARGET_NAME = Calender;
			};
			name = Debug;
		};
		0418B1BA21672B430078E6B6 /* Release */ = {
			isa = XCBuildConfiguration;
			buildSettings = {
				ALWAYS_EMBED_SWIFT_STANDARD_LIBRARIES = YES;
				CODE_SIGN_STYLE = Automatic;
				INFOPLIST_FILE = CalenderUITests/Info.plist;
				LD_RUNPATH_SEARCH_PATHS = "$(inherited) @executable_path/Frameworks @loader_path/Frameworks";
				PRODUCT_BUNDLE_IDENTIFIER = "Life-is-tech.CalenderUITests";
				PRODUCT_NAME = "$(TARGET_NAME)";
				SWIFT_VERSION = 4.0;
				TARGETED_DEVICE_FAMILY = "1,2";
				TEST_TARGET_NAME = Calender;
			};
			name = Release;
		};
/* End XCBuildConfiguration section */

/* Begin XCConfigurationList section */
		0418B18521672B420078E6B6 /* Build configuration list for PBXProject "Calender" */ = {
			isa = XCConfigurationList;
			buildConfigurations = (
				0418B1B021672B430078E6B6 /* Debug */,
				0418B1B121672B430078E6B6 /* Release */,
			);
			defaultConfigurationIsVisible = 0;
			defaultConfigurationName = Release;
		};
		0418B1B221672B430078E6B6 /* Build configuration list for PBXNativeTarget "Calender" */ = {
			isa = XCConfigurationList;
			buildConfigurations = (
				0418B1B321672B430078E6B6 /* Debug */,
				0418B1B421672B430078E6B6 /* Release */,
			);
			defaultConfigurationIsVisible = 0;
			defaultConfigurationName = Release;
		};
		0418B1B521672B430078E6B6 /* Build configuration list for PBXNativeTarget "CalenderTests" */ = {
			isa = XCConfigurationList;
			buildConfigurations = (
				0418B1B621672B430078E6B6 /* Debug */,
				0418B1B721672B430078E6B6 /* Release */,
			);
			defaultConfigurationIsVisible = 0;
			defaultConfigurationName = Release;
		};
		0418B1B821672B430078E6B6 /* Build configuration list for PBXNativeTarget "CalenderUITests" */ = {
			isa = XCConfigurationList;
			buildConfigurations = (
				0418B1B921672B430078E6B6 /* Debug */,
				0418B1BA21672B430078E6B6 /* Release */,
			);
			defaultConfigurationIsVisible = 0;
			defaultConfigurationName = Release;
		};
/* End XCConfigurationList section */
	};
	rootObject = 0418B18221672B420078E6B6 /* Project object */;
}
